
Microsoft Visual Studio Solution File, Format Version 12.00
# Visual Studio Version 17
VisualStudioVersion = 17.8.34330.188
MinimumVisualStudioVersion = 10.0.40219.1
Project("{FAE04EC0-301F-11D3-BF4B-00C04F79EFBC}") = "Vb-Snippets-Project", "Vb-Snippets-Project\Vb-Snippets-Project.csproj", "{76A24645-2AB6-404A-90DE-355DF85C6BBE}"
EndProject
Global
	GlobalSection(SolutionConfigurationPlatforms) = preSolution
		Debug|Any CPU = Debug|Any CPU
		Release|Any CPU = Release|Any CPU
	EndGlobalSection
	GlobalSection(ProjectConfigurationPlatforms) = postSolution
		{76A24645-2AB6-404A-90DE-355DF85C6BBE}.Debug|Any CPU.ActiveCfg = Debug|Any CPU
		{76A24645-2AB6-404A-90DE-355DF85C6BBE}.Debug|Any CPU.Build.0 = Debug|Any CPU
		{76A24645-2AB6-404A-90DE-355DF85C6BBE}.Release|Any CPU.ActiveCfg = Release|Any CPU
		{76A24645-2AB6-404A-90DE-355DF85C6BBE}.Release|Any CPU.Build.0 = Release|Any CPU
	EndGlobalSection
	GlobalSection(SolutionProperties) = preSolution
		HideSolutionNode = FALSE
	EndGlobalSection
	GlobalSection(ExtensibilityGlobals) = postSolution
		SolutionGuid = {DF8CFFDC-3A88-49A6-A3B6-06D0EEB03E5A}
	EndGlobalSection
EndGlobal
